// !$*UTF8*$!
{
	archiveVersion = 1;
	classes = {
	};
	objectVersion = 56;
	objects = {

/* Begin PBXBuildFile section */
		CE30B213290FE6E900E21899 /* AppDelegate.swift in Sources */ = {isa = PBXBuildFile; fileRef = CE30B212290FE6E900E21899 /* AppDelegate.swift */; };
		CE30B215290FE6E900E21899 /* SceneDelegate.swift in Sources */ = {isa = PBXBuildFile; fileRef = CE30B214290FE6E900E21899 /* SceneDelegate.swift */; };
		CE30B217290FE6E900E21899 /* MainTabBarViewController.swift in Sources */ = {isa = PBXBuildFile; fileRef = CE30B216290FE6E900E21899 /* MainTabBarViewController.swift */; };
		CE30B21C290FE6EB00E21899 /* Assets.xcassets in Resources */ = {isa = PBXBuildFile; fileRef = CE30B21B290FE6EB00E21899 /* Assets.xcassets */; };
		CE30B21F290FE6EB00E21899 /* LaunchScreen.storyboard in Resources */ = {isa = PBXBuildFile; fileRef = CE30B21D290FE6EB00E21899 /* LaunchScreen.storyboard */; };
		CE30B228290FEA2200E21899 /* HomeViewController.swift in Sources */ = {isa = PBXBuildFile; fileRef = CE30B227290FEA2200E21899 /* HomeViewController.swift */; };
		CE30B22A290FEA5400E21899 /* UpcomingViewController.swift in Sources */ = {isa = PBXBuildFile; fileRef = CE30B229290FEA5400E21899 /* UpcomingViewController.swift */; };
		CE30B22C290FEA9100E21899 /* SearchViewController.swift in Sources */ = {isa = PBXBuildFile; fileRef = CE30B22B290FEA9100E21899 /* SearchViewController.swift */; };
		CE30B22E290FEAB900E21899 /* DownloadsViewController.swift in Sources */ = {isa = PBXBuildFile; fileRef = CE30B22D290FEAB900E21899 /* DownloadsViewController.swift */; };
		CE30B235290FF22800E21899 /* CollectionViewTableViewCell.swift in Sources */ = {isa = PBXBuildFile; fileRef = CE30B234290FF22800E21899 /* CollectionViewTableViewCell.swift */; };
		CE30B237291054D400E21899 /* HeroHeaderUIView.swift in Sources */ = {isa = PBXBuildFile; fileRef = CE30B236291054D400E21899 /* HeroHeaderUIView.swift */; };
		CE30B2392911860800E21899 /* APICaller.swift in Sources */ = {isa = PBXBuildFile; fileRef = CE30B2382911860800E21899 /* APICaller.swift */; };
		CE30B23B2911A26900E21899 /* Title.swift in Sources */ = {isa = PBXBuildFile; fileRef = CE30B23A2911A26900E21899 /* Title.swift */; };
		CE30B23D2911AA5600E21899 /* Extensions.swift in Sources */ = {isa = PBXBuildFile; fileRef = CE30B23C2911AA5600E21899 /* Extensions.swift */; };
		CE30B2412911B47A00E21899 /* TitleCollectionViewCell.swift in Sources */ = {isa = PBXBuildFile; fileRef = CE30B2402911B47A00E21899 /* TitleCollectionViewCell.swift */; };
		CE30B2442911B63800E21899 /* SDWebImage in Frameworks */ = {isa = PBXBuildFile; productRef = CE30B2432911B63800E21899 /* SDWebImage */; };
		CE30B2462911B63800E21899 /* SDWebImageMapKit in Frameworks */ = {isa = PBXBuildFile; productRef = CE30B2452911B63800E21899 /* SDWebImageMapKit */; };
		CE443F8A2912BAEC00D5B061 /* TitleTableViewCell.swift in Sources */ = {isa = PBXBuildFile; fileRef = CE443F892912BAEC00D5B061 /* TitleTableViewCell.swift */; };
		CE443F8C2912E7C700D5B061 /* TitleViewModel.swift in Sources */ = {isa = PBXBuildFile; fileRef = CE443F8B2912E7C700D5B061 /* TitleViewModel.swift */; };
		CE443F8E2913D79100D5B061 /* SearchResultsViewController.swift in Sources */ = {isa = PBXBuildFile; fileRef = CE443F8D2913D79100D5B061 /* SearchResultsViewController.swift */; };
/* End PBXBuildFile section */

/* Begin PBXFileReference section */
		CE30B20F290FE6E900E21899 /* VideoApp UIKit.app */ = {isa = PBXFileReference; explicitFileType = wrapper.application; includeInIndex = 0; path = "VideoApp UIKit.app"; sourceTree = BUILT_PRODUCTS_DIR; };
		CE30B212290FE6E900E21899 /* AppDelegate.swift */ = {isa = PBXFileReference; lastKnownFileType = sourcecode.swift; path = AppDelegate.swift; sourceTree = "<group>"; };
		CE30B214290FE6E900E21899 /* SceneDelegate.swift */ = {isa = PBXFileReference; lastKnownFileType = sourcecode.swift; path = SceneDelegate.swift; sourceTree = "<group>"; };
		CE30B216290FE6E900E21899 /* MainTabBarViewController.swift */ = {isa = PBXFileReference; lastKnownFileType = sourcecode.swift; path = MainTabBarViewController.swift; sourceTree = "<group>"; };
		CE30B21B290FE6EB00E21899 /* Assets.xcassets */ = {isa = PBXFileReference; lastKnownFileType = folder.assetcatalog; path = Assets.xcassets; sourceTree = "<group>"; };
		CE30B21E290FE6EB00E21899 /* Base */ = {isa = PBXFileReference; lastKnownFileType = file.storyboard; name = Base; path = Base.lproj/LaunchScreen.storyboard; sourceTree = "<group>"; };
		CE30B220290FE6EB00E21899 /* Info.plist */ = {isa = PBXFileReference; lastKnownFileType = text.plist.xml; path = Info.plist; sourceTree = "<group>"; };
		CE30B227290FEA2200E21899 /* HomeViewController.swift */ = {isa = PBXFileReference; lastKnownFileType = sourcecode.swift; path = HomeViewController.swift; sourceTree = "<group>"; };
		CE30B229290FEA5400E21899 /* UpcomingViewController.swift */ = {isa = PBXFileReference; lastKnownFileType = sourcecode.swift; path = UpcomingViewController.swift; sourceTree = "<group>"; };
		CE30B22B290FEA9100E21899 /* SearchViewController.swift */ = {isa = PBXFileReference; lastKnownFileType = sourcecode.swift; path = SearchViewController.swift; sourceTree = "<group>"; };
		CE30B22D290FEAB900E21899 /* DownloadsViewController.swift */ = {isa = PBXFileReference; lastKnownFileType = sourcecode.swift; path = DownloadsViewController.swift; sourceTree = "<group>"; };
		CE30B234290FF22800E21899 /* CollectionViewTableViewCell.swift */ = {isa = PBXFileReference; lastKnownFileType = sourcecode.swift; path = CollectionViewTableViewCell.swift; sourceTree = "<group>"; };
		CE30B236291054D400E21899 /* HeroHeaderUIView.swift */ = {isa = PBXFileReference; lastKnownFileType = sourcecode.swift; path = HeroHeaderUIView.swift; sourceTree = "<group>"; };
		CE30B2382911860800E21899 /* APICaller.swift */ = {isa = PBXFileReference; lastKnownFileType = sourcecode.swift; path = APICaller.swift; sourceTree = "<group>"; };
		CE30B23A2911A26900E21899 /* Title.swift */ = {isa = PBXFileReference; lastKnownFileType = sourcecode.swift; path = Title.swift; sourceTree = "<group>"; };
		CE30B23C2911AA5600E21899 /* Extensions.swift */ = {isa = PBXFileReference; lastKnownFileType = sourcecode.swift; path = Extensions.swift; sourceTree = "<group>"; };
		CE30B2402911B47A00E21899 /* TitleCollectionViewCell.swift */ = {isa = PBXFileReference; lastKnownFileType = sourcecode.swift; path = TitleCollectionViewCell.swift; sourceTree = "<group>"; };
		CE443F892912BAEC00D5B061 /* TitleTableViewCell.swift */ = {isa = PBXFileReference; lastKnownFileType = sourcecode.swift; path = TitleTableViewCell.swift; sourceTree = "<group>"; };
		CE443F8B2912E7C700D5B061 /* TitleViewModel.swift */ = {isa = PBXFileReference; lastKnownFileType = sourcecode.swift; path = TitleViewModel.swift; sourceTree = "<group>"; };
		CE443F8D2913D79100D5B061 /* SearchResultsViewController.swift */ = {isa = PBXFileReference; lastKnownFileType = sourcecode.swift; path = SearchResultsViewController.swift; sourceTree = "<group>"; };
/* End PBXFileReference section */

/* Begin PBXFrameworksBuildPhase section */
		CE30B20C290FE6E900E21899 /* Frameworks */ = {
			isa = PBXFrameworksBuildPhase;
			buildActionMask = 2147483647;
			files = (
				CE30B2462911B63800E21899 /* SDWebImageMapKit in Frameworks */,
				CE30B2442911B63800E21899 /* SDWebImage in Frameworks */,
			);
			runOnlyForDeploymentPostprocessing = 0;
		};
/* End PBXFrameworksBuildPhase section */

/* Begin PBXGroup section */
		CE30B206290FE6E900E21899 = {
			isa = PBXGroup;
			children = (
				CE30B211290FE6E900E21899 /* VideoApp UIKit */,
				CE30B210290FE6E900E21899 /* Products */,
			);
			sourceTree = "<group>";
		};
		CE30B210290FE6E900E21899 /* Products */ = {
			isa = PBXGroup;
			children = (
				CE30B20F290FE6E900E21899 /* VideoApp UIKit.app */,
			);
			name = Products;
			sourceTree = "<group>";
		};
		CE30B211290FE6E900E21899 /* VideoApp UIKit */ = {
			isa = PBXGroup;
			children = (
				CE30B233290FF1BA00E21899 /* Managers */,
				CE30B232290FF1A500E21899 /* Resources */,
				CE30B231290FF17E00E21899 /* Models */,
				CE30B22F290FF15E00E21899 /* Views */,
				CE30B230290FF16A00E21899 /* ViewModels */,
				CE30B226290FE9F800E21899 /* Controllers */,
				CE30B212290FE6E900E21899 /* AppDelegate.swift */,
				CE30B214290FE6E900E21899 /* SceneDelegate.swift */,
				CE30B216290FE6E900E21899 /* MainTabBarViewController.swift */,
				CE30B21B290FE6EB00E21899 /* Assets.xcassets */,
				CE30B21D290FE6EB00E21899 /* LaunchScreen.storyboard */,
				CE30B220290FE6EB00E21899 /* Info.plist */,
			);
			path = "VideoApp UIKit";
			sourceTree = "<group>";
		};
		CE30B226290FE9F800E21899 /* Controllers */ = {
			isa = PBXGroup;
			children = (
				CE443F902913D7E700D5B061 /* General */,
				CE443F8F2913D7D300D5B061 /* Core */,
			);
			path = Controllers;
			sourceTree = "<group>";
		};
		CE30B22F290FF15E00E21899 /* Views */ = {
			isa = PBXGroup;
			children = (
				CE30B234290FF22800E21899 /* CollectionViewTableViewCell.swift */,
				CE30B236291054D400E21899 /* HeroHeaderUIView.swift */,
				CE30B2402911B47A00E21899 /* TitleCollectionViewCell.swift */,
				CE443F892912BAEC00D5B061 /* TitleTableViewCell.swift */,
			);
			path = Views;
			sourceTree = "<group>";
		};
		CE30B230290FF16A00E21899 /* ViewModels */ = {
			isa = PBXGroup;
			children = (
				CE443F8B2912E7C700D5B061 /* TitleViewModel.swift */,
			);
			path = ViewModels;
			sourceTree = "<group>";
		};
		CE30B231290FF17E00E21899 /* Models */ = {
			isa = PBXGroup;
			children = (
				CE30B23A2911A26900E21899 /* Title.swift */,
			);
			path = Models;
			sourceTree = "<group>";
		};
		CE30B232290FF1A500E21899 /* Resources */ = {
			isa = PBXGroup;
			children = (
				CE30B23C2911AA5600E21899 /* Extensions.swift */,
			);
			path = Resources;
			sourceTree = "<group>";
		};
		CE30B233290FF1BA00E21899 /* Managers */ = {
			isa = PBXGroup;
			children = (
				CE30B2382911860800E21899 /* APICaller.swift */,
			);
			path = Managers;
			sourceTree = "<group>";
		};
		CE443F8F2913D7D300D5B061 /* Core */ = {
			isa = PBXGroup;
			children = (
				CE30B227290FEA2200E21899 /* HomeViewController.swift */,
				CE30B229290FEA5400E21899 /* UpcomingViewController.swift */,
				CE30B22B290FEA9100E21899 /* SearchViewController.swift */,
				CE30B22D290FEAB900E21899 /* DownloadsViewController.swift */,
			);
			path = Core;
			sourceTree = "<group>";
		};
		CE443F902913D7E700D5B061 /* General */ = {
			isa = PBXGroup;
			children = (
				CE443F8D2913D79100D5B061 /* SearchResultsViewController.swift */,
			);
			path = General;
			sourceTree = "<group>";
		};
/* End PBXGroup section */

/* Begin PBXNativeTarget section */
		CE30B20E290FE6E900E21899 /* VideoApp UIKit */ = {
			isa = PBXNativeTarget;
			buildConfigurationList = CE30B223290FE6EB00E21899 /* Build configuration list for PBXNativeTarget "VideoApp UIKit" */;
			buildPhases = (
				CE30B20B290FE6E900E21899 /* Sources */,
				CE30B20C290FE6E900E21899 /* Frameworks */,
				CE30B20D290FE6E900E21899 /* Resources */,
			);
			buildRules = (
			);
			dependencies = (
			);
			name = "VideoApp UIKit";
			packageProductDependencies = (
				CE30B2432911B63800E21899 /* SDWebImage */,
				CE30B2452911B63800E21899 /* SDWebImageMapKit */,
			);
			productName = "VideoApp UIKit";
			productReference = CE30B20F290FE6E900E21899 /* VideoApp UIKit.app */;
			productType = "com.apple.product-type.application";
		};
/* End PBXNativeTarget section */

/* Begin PBXProject section */
		CE30B207290FE6E900E21899 /* Project object */ = {
			isa = PBXProject;
			attributes = {
				BuildIndependentTargetsInParallel = 1;
				LastSwiftUpdateCheck = 1400;
				LastUpgradeCheck = 1400;
				TargetAttributes = {
					CE30B20E290FE6E900E21899 = {
						CreatedOnToolsVersion = 14.0.1;
					};
				};
			};
			buildConfigurationList = CE30B20A290FE6E900E21899 /* Build configuration list for PBXProject "VideoApp UIKit" */;
			compatibilityVersion = "Xcode 14.0";
			developmentRegion = en;
			hasScannedForEncodings = 0;
			knownRegions = (
				en,
				Base,
			);
			mainGroup = CE30B206290FE6E900E21899;
			packageReferences = (
				CE30B2422911B63800E21899 /* XCRemoteSwiftPackageReference "SDWebImage" */,
			);
			productRefGroup = CE30B210290FE6E900E21899 /* Products */;
			projectDirPath = "";
			projectRoot = "";
			targets = (
				CE30B20E290FE6E900E21899 /* VideoApp UIKit */,
			);
		};
/* End PBXProject section */

/* Begin PBXResourcesBuildPhase section */
		CE30B20D290FE6E900E21899 /* Resources */ = {
			isa = PBXResourcesBuildPhase;
			buildActionMask = 2147483647;
			files = (
				CE30B21F290FE6EB00E21899 /* LaunchScreen.storyboard in Resources */,
				CE30B21C290FE6EB00E21899 /* Assets.xcassets in Resources */,
			);
			runOnlyForDeploymentPostprocessing = 0;
		};
/* End PBXResourcesBuildPhase section */

/* Begin PBXSourcesBuildPhase section */
		CE30B20B290FE6E900E21899 /* Sources */ = {
			isa = PBXSourcesBuildPhase;
			buildActionMask = 2147483647;
			files = (
				CE443F8A2912BAEC00D5B061 /* TitleTableViewCell.swift in Sources */,
				CE30B22C290FEA9100E21899 /* SearchViewController.swift in Sources */,
				CE30B2412911B47A00E21899 /* TitleCollectionViewCell.swift in Sources */,
				CE30B217290FE6E900E21899 /* MainTabBarViewController.swift in Sources */,
				CE30B235290FF22800E21899 /* CollectionViewTableViewCell.swift in Sources */,
				CE30B2392911860800E21899 /* APICaller.swift in Sources */,
				CE30B237291054D400E21899 /* HeroHeaderUIView.swift in Sources */,
				CE30B22E290FEAB900E21899 /* DownloadsViewController.swift in Sources */,
				CE30B213290FE6E900E21899 /* AppDelegate.swift in Sources */,
				CE443F8E2913D79100D5B061 /* SearchResultsViewController.swift in Sources */,
				CE30B23D2911AA5600E21899 /* Extensions.swift in Sources */,
				CE30B215290FE6E900E21899 /* SceneDelegate.swift in Sources */,
				CE30B22A290FEA5400E21899 /* UpcomingViewController.swift in Sources */,
				CE30B23B2911A26900E21899 /* Title.swift in Sources */,
				CE30B228290FEA2200E21899 /* HomeViewController.swift in Sources */,
				CE443F8C2912E7C700D5B061 /* TitleViewModel.swift in Sources */,
			);
			runOnlyForDeploymentPostprocessing = 0;
		};
/* End PBXSourcesBuildPhase section */

/* Begin PBXVariantGroup section */
		CE30B21D290FE6EB00E21899 /* LaunchScreen.storyboard */ = {
			isa = PBXVariantGroup;
			children = (
				CE30B21E290FE6EB00E21899 /* Base */,
			);
			name = LaunchScreen.storyboard;
			sourceTree = "<group>";
		};
/* End PBXVariantGroup section */

/* Begin XCBuildConfiguration section */
		CE30B221290FE6EB00E21899 /* Debug */ = {
			isa = XCBuildConfiguration;
			buildSettings = {
				ALWAYS_SEARCH_USER_PATHS = NO;
				CLANG_ANALYZER_NONNULL = YES;
				CLANG_ANALYZER_NUMBER_OBJECT_CONVERSION = YES_AGGRESSIVE;
				CLANG_CXX_LANGUAGE_STANDARD = "gnu++20";
				CLANG_ENABLE_MODULES = YES;
				CLANG_ENABLE_OBJC_ARC = YES;
				CLANG_ENABLE_OBJC_WEAK = YES;
				CLANG_WARN_BLOCK_CAPTURE_AUTORELEASING = YES;
				CLANG_WARN_BOOL_CONVERSION = YES;
				CLANG_WARN_COMMA = YES;
				CLANG_WARN_CONSTANT_CONVERSION = YES;
				CLANG_WARN_DEPRECATED_OBJC_IMPLEMENTATIONS = YES;
				CLANG_WARN_DIRECT_OBJC_ISA_USAGE = YES_ERROR;
				CLANG_WARN_DOCUMENTATION_COMMENTS = YES;
				CLANG_WARN_EMPTY_BODY = YES;
				CLANG_WARN_ENUM_CONVERSION = YES;
				CLANG_WARN_INFINITE_RECURSION = YES;
				CLANG_WARN_INT_CONVERSION = YES;
				CLANG_WARN_NON_LITERAL_NULL_CONVERSION = YES;
				CLANG_WARN_OBJC_IMPLICIT_RETAIN_SELF = YES;
				CLANG_WARN_OBJC_LITERAL_CONVERSION = YES;
				CLANG_WARN_OBJC_ROOT_CLASS = YES_ERROR;
				CLANG_WARN_QUOTED_INCLUDE_IN_FRAMEWORK_HEADER = YES;
				CLANG_WARN_RANGE_LOOP_ANALYSIS = YES;
				CLANG_WARN_STRICT_PROTOTYPES = YES;
				CLANG_WARN_SUSPICIOUS_MOVE = YES;
				CLANG_WARN_UNGUARDED_AVAILABILITY = YES_AGGRESSIVE;
				CLANG_WARN_UNREACHABLE_CODE = YES;
				CLANG_WARN__DUPLICATE_METHOD_MATCH = YES;
				COPY_PHASE_STRIP = NO;
				DEBUG_INFORMATION_FORMAT = dwarf;
				ENABLE_STRICT_OBJC_MSGSEND = YES;
				ENABLE_TESTABILITY = YES;
				GCC_C_LANGUAGE_STANDARD = gnu11;
				GCC_DYNAMIC_NO_PIC = NO;
				GCC_NO_COMMON_BLOCKS = YES;
				GCC_OPTIMIZATION_LEVEL = 0;
				GCC_PREPROCESSOR_DEFINITIONS = (
					"DEBUG=1",
					"$(inherited)",
				);
				GCC_WARN_64_TO_32_BIT_CONVERSION = YES;
				GCC_WARN_ABOUT_RETURN_TYPE = YES_ERROR;
				GCC_WARN_UNDECLARED_SELECTOR = YES;
				GCC_WARN_UNINITIALIZED_AUTOS = YES_AGGRESSIVE;
				GCC_WARN_UNUSED_FUNCTION = YES;
				GCC_WARN_UNUSED_VARIABLE = YES;
				IPHONEOS_DEPLOYMENT_TARGET = 16.0;
				MTL_ENABLE_DEBUG_INFO = INCLUDE_SOURCE;
				MTL_FAST_MATH = YES;
				ONLY_ACTIVE_ARCH = YES;
				SDKROOT = iphoneos;
				SWIFT_ACTIVE_COMPILATION_CONDITIONS = DEBUG;
				SWIFT_OPTIMIZATION_LEVEL = "-Onone";
			};
			name = Debug;
		};
		CE30B222290FE6EB00E21899 /* Release */ = {
			isa = XCBuildConfiguration;
			buildSettings = {
				ALWAYS_SEARCH_USER_PATHS = NO;
				CLANG_ANALYZER_NONNULL = YES;
				CLANG_ANALYZER_NUMBER_OBJECT_CONVERSION = YES_AGGRESSIVE;
				CLANG_CXX_LANGUAGE_STANDARD = "gnu++20";
				CLANG_ENABLE_MODULES = YES;
				CLANG_ENABLE_OBJC_ARC = YES;
				CLANG_ENABLE_OBJC_WEAK = YES;
				CLANG_WARN_BLOCK_CAPTURE_AUTORELEASING = YES;
				CLANG_WARN_BOOL_CONVERSION = YES;
				CLANG_WARN_COMMA = YES;
				CLANG_WARN_CONSTANT_CONVERSION = YES;
				CLANG_WARN_DEPRECATED_OBJC_IMPLEMENTATIONS = YES;
				CLANG_WARN_DIRECT_OBJC_ISA_USAGE = YES_ERROR;
				CLANG_WARN_DOCUMENTATION_COMMENTS = YES;
				CLANG_WARN_EMPTY_BODY = YES;
				CLANG_WARN_ENUM_CONVERSION = YES;
				CLANG_WARN_INFINITE_RECURSION = YES;
				CLANG_WARN_INT_CONVERSION = YES;
				CLANG_WARN_NON_LITERAL_NULL_CONVERSION = YES;
				CLANG_WARN_OBJC_IMPLICIT_RETAIN_SELF = YES;
				CLANG_WARN_OBJC_LITERAL_CONVERSION = YES;
				CLANG_WARN_OBJC_ROOT_CLASS = YES_ERROR;
				CLANG_WARN_QUOTED_INCLUDE_IN_FRAMEWORK_HEADER = YES;
				CLANG_WARN_RANGE_LOOP_ANALYSIS = YES;
				CLANG_WARN_STRICT_PROTOTYPES = YES;
				CLANG_WARN_SUSPICIOUS_MOVE = YES;
				CLANG_WARN_UNGUARDED_AVAILABILITY = YES_AGGRESSIVE;
				CLANG_WARN_UNREACHABLE_CODE = YES;
				CLANG_WARN__DUPLICATE_METHOD_MATCH = YES;
				COPY_PHASE_STRIP = NO;
				DEBUG_INFORMATION_FORMAT = "dwarf-with-dsym";
				ENABLE_NS_ASSERTIONS = NO;
				ENABLE_STRICT_OBJC_MSGSEND = YES;
				GCC_C_LANGUAGE_STANDARD = gnu11;
				GCC_NO_COMMON_BLOCKS = YES;
				GCC_WARN_64_TO_32_BIT_CONVERSION = YES;
				GCC_WARN_ABOUT_RETURN_TYPE = YES_ERROR;
				GCC_WARN_UNDECLARED_SELECTOR = YES;
				GCC_WARN_UNINITIALIZED_AUTOS = YES_AGGRESSIVE;
				GCC_WARN_UNUSED_FUNCTION = YES;
				GCC_WARN_UNUSED_VARIABLE = YES;
				IPHONEOS_DEPLOYMENT_TARGET = 16.0;
				MTL_ENABLE_DEBUG_INFO = NO;
				MTL_FAST_MATH = YES;
				SDKROOT = iphoneos;
				SWIFT_COMPILATION_MODE = wholemodule;
				SWIFT_OPTIMIZATION_LEVEL = "-O";
				VALIDATE_PRODUCT = YES;
			};
			name = Release;
		};
		CE30B224290FE6EB00E21899 /* Debug */ = {
			isa = XCBuildConfiguration;
			buildSettings = {
				ASSETCATALOG_COMPILER_APPICON_NAME = AppIcon;
				ASSETCATALOG_COMPILER_GLOBAL_ACCENT_COLOR_NAME = AccentColor;
				CODE_SIGN_STYLE = Automatic;
				CURRENT_PROJECT_VERSION = 1;
				DEVELOPMENT_TEAM = F3RRFUV6Y5;
				GENERATE_INFOPLIST_FILE = YES;
				INFOPLIST_FILE = "VideoApp UIKit/Info.plist";
				INFOPLIST_KEY_UIApplicationSupportsIndirectInputEvents = YES;
				INFOPLIST_KEY_UILaunchStoryboardName = LaunchScreen;
				INFOPLIST_KEY_UISupportedInterfaceOrientations_iPad = "UIInterfaceOrientationPortrait UIInterfaceOrientationPortraitUpsideDown UIInterfaceOrientationLandscapeLeft UIInterfaceOrientationLandscapeRight";
				INFOPLIST_KEY_UISupportedInterfaceOrientations_iPhone = "UIInterfaceOrientationPortrait UIInterfaceOrientationLandscapeLeft UIInterfaceOrientationLandscapeRight";
				LD_RUNPATH_SEARCH_PATHS = (
					"$(inherited)",
					"@executable_path/Frameworks",
				);
				MARKETING_VERSION = 1.0;
				PRODUCT_BUNDLE_IDENTIFIER = "com.sapienced.VideoApp-UIKit";
				PRODUCT_NAME = "$(TARGET_NAME)";
				SWIFT_EMIT_LOC_STRINGS = YES;
				SWIFT_VERSION = 5.0;
				TARGETED_DEVICE_FAMILY = "1,2";
			};
			name = Debug;
		};
		CE30B225290FE6EB00E21899 /* Release */ = {
			isa = XCBuildConfiguration;
			buildSettings = {
				ASSETCATALOG_COMPILER_APPICON_NAME = AppIcon;
				ASSETCATALOG_COMPILER_GLOBAL_ACCENT_COLOR_NAME = AccentColor;
				CODE_SIGN_STYLE = Automatic;
				CURRENT_PROJECT_VERSION = 1;
				DEVELOPMENT_TEAM = F3RRFUV6Y5;
				GENERATE_INFOPLIST_FILE = YES;
				INFOPLIST_FILE = "VideoApp UIKit/Info.plist";
				INFOPLIST_KEY_UIApplicationSupportsIndirectInputEvents = YES;
				INFOPLIST_KEY_UILaunchStoryboardName = LaunchScreen;
				INFOPLIST_KEY_UISupportedInterfaceOrientations_iPad = "UIInterfaceOrientationPortrait UIInterfaceOrientationPortraitUpsideDown UIInterfaceOrientationLandscapeLeft UIInterfaceOrientationLandscapeRight";
				INFOPLIST_KEY_UISupportedInterfaceOrientations_iPhone = "UIInterfaceOrientationPortrait UIInterfaceOrientationLandscapeLeft UIInterfaceOrientationLandscapeRight";
				LD_RUNPATH_SEARCH_PATHS = (
					"$(inherited)",
					"@executable_path/Frameworks",
				);
				MARKETING_VERSION = 1.0;
				PRODUCT_BUNDLE_IDENTIFIER = "com.sapienced.VideoApp-UIKit";
				PRODUCT_NAME = "$(TARGET_NAME)";
				SWIFT_EMIT_LOC_STRINGS = YES;
				SWIFT_VERSION = 5.0;
				TARGETED_DEVICE_FAMILY = "1,2";
			};
			name = Release;
		};
/* End XCBuildConfiguration section */

/* Begin XCConfigurationList section */
		CE30B20A290FE6E900E21899 /* Build configuration list for PBXProject "VideoApp UIKit" */ = {
			isa = XCConfigurationList;
			buildConfigurations = (
				CE30B221290FE6EB00E21899 /* Debug */,
				CE30B222290FE6EB00E21899 /* Release */,
			);
			defaultConfigurationIsVisible = 0;
			defaultConfigurationName = Release;
		};
		CE30B223290FE6EB00E21899 /* Build configuration list for PBXNativeTarget "VideoApp UIKit" */ = {
			isa = XCConfigurationList;
			buildConfigurations = (
				CE30B224290FE6EB00E21899 /* Debug */,
				CE30B225290FE6EB00E21899 /* Release */,
			);
			defaultConfigurationIsVisible = 0;
			defaultConfigurationName = Release;
		};
/* End XCConfigurationList section */

/* Begin XCRemoteSwiftPackageReference section */
		CE30B2422911B63800E21899 /* XCRemoteSwiftPackageReference "SDWebImage" */ = {
			isa = XCRemoteSwiftPackageReference;
			repositoryURL = "https://github.com/SDWebImage/SDWebImage.git";
			requirement = {
				branch = master;
				kind = branch;
			};
		};
/* End XCRemoteSwiftPackageReference section */

/* Begin XCSwiftPackageProductDependency section */
		CE30B2432911B63800E21899 /* SDWebImage */ = {
			isa = XCSwiftPackageProductDependency;
			package = CE30B2422911B63800E21899 /* XCRemoteSwiftPackageReference "SDWebImage" */;
			productName = SDWebImage;
		};
		CE30B2452911B63800E21899 /* SDWebImageMapKit */ = {
			isa = XCSwiftPackageProductDependency;
			package = CE30B2422911B63800E21899 /* XCRemoteSwiftPackageReference "SDWebImage" */;
			productName = SDWebImageMapKit;
		};
/* End XCSwiftPackageProductDependency section */
	};
	rootObject = CE30B207290FE6E900E21899 /* Project object */;
}
